
Microsoft Visual Studio Solution File, Format Version 12.00
Project("{FAE04EC0-301F-11D3-BF4B-00C04F79EFBC}") = "CameraView.Maui.TestApp", "CameraView.Maui.TestApp\CameraView.Maui.TestApp.csproj", "{267E77F2-4277-4E4E-80F5-26CBEA6A2032}"
EndProject
Project("{FAE04EC0-301F-11D3-BF4B-00C04F79EFBC}") = "CameraView.Maui", "CameraView.Maui\CameraView.Maui.csproj", "{DCA40D6F-EB8C-4CB1-86F3-13FBACB193F9}"
EndProject
Global
	GlobalSection(SolutionConfigurationPlatforms) = preSolution
		Debug|Any CPU = Debug|Any CPU
		Release|Any CPU = Release|Any CPU
	EndGlobalSection
	GlobalSection(ProjectConfigurationPlatforms) = postSolution
		{267E77F2-4277-4E4E-80F5-26CBEA6A2032}.Debug|Any CPU.ActiveCfg = Debug|Any CPU
		{267E77F2-4277-4E4E-80F5-26CBEA6A2032}.Debug|Any CPU.Build.0 = Debug|Any CPU
		{267E77F2-4277-4E4E-80F5-26CBEA6A2032}.Release|Any CPU.ActiveCfg = Release|Any CPU
		{267E77F2-4277-4E4E-80F5-26CBEA6A2032}.Release|Any CPU.Build.0 = Release|Any CPU
		{DCA40D6F-EB8C-4CB1-86F3-13FBACB193F9}.Debug|Any CPU.ActiveCfg = Debug|Any CPU
		{DCA40D6F-EB8C-4CB1-86F3-13FBACB193F9}.Debug|Any CPU.Build.0 = Debug|Any CPU
		{DCA40D6F-EB8C-4CB1-86F3-13FBACB193F9}.Release|Any CPU.ActiveCfg = Release|Any CPU
		{DCA40D6F-EB8C-4CB1-86F3-13FBACB193F9}.Release|Any CPU.Build.0 = Release|Any CPU
	EndGlobalSection
EndGlobal
